
Microsoft Visual Studio Solution File, Format Version 12.00
# Visual Studio 15
Project("{FAE04EC0-301F-11D3-BF4B-00C04F79EFBC}") = "comparable_fleet_of_things", "comparable_fleet_of_things\comparable_fleet_of_things.csproj", "{7DE8106B-B024-4E83-AF47-2A925BF729F6}"
EndProject
Global
	GlobalSection(SolutionConfigurationPlatforms) = preSolution
		Debug|Any CPU = Debug|Any CPU
		Release|Any CPU = Release|Any CPU
	EndGlobalSection
	GlobalSection(ProjectConfigurationPlatforms) = postSolution
		{7DE8106B-B024-4E83-AF47-2A925BF729F6}.Debug|Any CPU.ActiveCfg = Debug|Any CPU
		{7DE8106B-B024-4E83-AF47-2A925BF729F6}.Debug|Any CPU.Build.0 = Debug|Any CPU
		{7DE8106B-B024-4E83-AF47-2A925BF729F6}.Release|Any CPU.ActiveCfg = Release|Any CPU
		{7DE8106B-B024-4E83-AF47-2A925BF729F6}.Release|Any CPU.Build.0 = Release|Any CPU
	EndGlobalSection
EndGlobal
