
Microsoft Visual Studio Solution File, Format Version 12.00
# Visual Studio 15
Project("{FAE04EC0-301F-11D3-BF4B-00C04F79EFBC}") = "comparable_fleet_of_things", "comparable_fleet_of_things.csproj", "{BAB0E180-D45C-4E57-B868-F8959FEAD09C}"
EndProject
Global
	GlobalSection(SolutionConfigurationPlatforms) = preSolution
		Debug|Any CPU = Debug|Any CPU
		Release|Any CPU = Release|Any CPU
	EndGlobalSection
	GlobalSection(ProjectConfigurationPlatforms) = postSolution
		{BAB0E180-D45C-4E57-B868-F8959FEAD09C}.Debug|Any CPU.ActiveCfg = Debug|Any CPU
		{BAB0E180-D45C-4E57-B868-F8959FEAD09C}.Debug|Any CPU.Build.0 = Debug|Any CPU
		{BAB0E180-D45C-4E57-B868-F8959FEAD09C}.Release|Any CPU.ActiveCfg = Release|Any CPU
		{BAB0E180-D45C-4E57-B868-F8959FEAD09C}.Release|Any CPU.Build.0 = Release|Any CPU
	EndGlobalSection
EndGlobal
