
Microsoft Visual Studio Solution File, Format Version 12.00
# Visual Studio 15
Project("{FAE04EC0-301F-11D3-BF4B-00C04F79EFBC}") = "Count_Letters", "Count_Letters\Count_Letters.csproj", "{61ED10C9-DE21-4805-8059-914E39653A13}"
EndProject
Project("{FAE04EC0-301F-11D3-BF4B-00C04F79EFBC}") = "Testing", "Testing\Testing.csproj", "{2E497659-C027-4023-8D91-180A24332D75}"
EndProject
Global
	GlobalSection(SolutionConfigurationPlatforms) = preSolution
		Debug|Any CPU = Debug|Any CPU
		Release|Any CPU = Release|Any CPU
	EndGlobalSection
	GlobalSection(ProjectConfigurationPlatforms) = postSolution
		{61ED10C9-DE21-4805-8059-914E39653A13}.Debug|Any CPU.ActiveCfg = Debug|Any CPU
		{61ED10C9-DE21-4805-8059-914E39653A13}.Debug|Any CPU.Build.0 = Debug|Any CPU
		{61ED10C9-DE21-4805-8059-914E39653A13}.Release|Any CPU.ActiveCfg = Release|Any CPU
		{61ED10C9-DE21-4805-8059-914E39653A13}.Release|Any CPU.Build.0 = Release|Any CPU
		{2E497659-C027-4023-8D91-180A24332D75}.Debug|Any CPU.ActiveCfg = Debug|Any CPU
		{2E497659-C027-4023-8D91-180A24332D75}.Debug|Any CPU.Build.0 = Debug|Any CPU
		{2E497659-C027-4023-8D91-180A24332D75}.Release|Any CPU.ActiveCfg = Release|Any CPU
		{2E497659-C027-4023-8D91-180A24332D75}.Release|Any CPU.Build.0 = Release|Any CPU
	EndGlobalSection
EndGlobal
